
Microsoft Visual Studio Solution File, Format Version 12.00
# Visual Studio Version 17
VisualStudioVersion = 17.3.32804.467
MinimumVisualStudioVersion = 10.0.40219.1
Project("{9A19103F-16F7-4668-BE54-9A1E7A4F7556}") = "SafeScoreAPI", "src\SafeScoreAPI.csproj", "{9B34363D-048E-4A70-B224-039D239A9904}"
EndProject
Project("{2150E333-8FDC-42A3-9474-1A3956D46DE8}") = "src", "src", "{4C0C02AA-D38E-4A20-AA76-D27F82927B7E}"
EndProject
Project("{2150E333-8FDC-42A3-9474-1A3956D46DE8}") = "test", "test", "{E3221219-4AE5-491A-AF4E-36453FCB3139}"
EndProject
Project("{FAE04EC0-301F-11D3-BF4B-00C04F79EFBC}") = "SafeForceAPI.Test", "tests\SafeForceAPI.Test\SafeForceAPI.Test.csproj", "{5D532BCA-A67B-4BD1-AEEC-3ED64BE86204}"
EndProject
Global
	GlobalSection(SolutionConfigurationPlatforms) = preSolution
		Debug|Any CPU = Debug|Any CPU
		Release|Any CPU = Release|Any CPU
	EndGlobalSection
	GlobalSection(ProjectConfigurationPlatforms) = postSolution
		{9B34363D-048E-4A70-B224-039D239A9904}.Debug|Any CPU.ActiveCfg = Debug|Any CPU
		{9B34363D-048E-4A70-B224-039D239A9904}.Debug|Any CPU.Build.0 = Debug|Any CPU
		{9B34363D-048E-4A70-B224-039D239A9904}.Release|Any CPU.ActiveCfg = Release|Any CPU
		{9B34363D-048E-4A70-B224-039D239A9904}.Release|Any CPU.Build.0 = Release|Any CPU
		{5D532BCA-A67B-4BD1-AEEC-3ED64BE86204}.Debug|Any CPU.ActiveCfg = Debug|Any CPU
		{5D532BCA-A67B-4BD1-AEEC-3ED64BE86204}.Debug|Any CPU.Build.0 = Debug|Any CPU
		{5D532BCA-A67B-4BD1-AEEC-3ED64BE86204}.Release|Any CPU.ActiveCfg = Release|Any CPU
		{5D532BCA-A67B-4BD1-AEEC-3ED64BE86204}.Release|Any CPU.Build.0 = Release|Any CPU
	EndGlobalSection
	GlobalSection(SolutionProperties) = preSolution
		HideSolutionNode = FALSE
	EndGlobalSection
	GlobalSection(NestedProjects) = preSolution
		{9B34363D-048E-4A70-B224-039D239A9904} = {4C0C02AA-D38E-4A20-AA76-D27F82927B7E}
		{5D532BCA-A67B-4BD1-AEEC-3ED64BE86204} = {E3221219-4AE5-491A-AF4E-36453FCB3139}
	EndGlobalSection
	GlobalSection(ExtensibilityGlobals) = postSolution
		SolutionGuid = {F889D125-E329-4B8B-A41B-E1BDD0DD3F97}
	EndGlobalSection
EndGlobal
